
Microsoft Visual Studio Solution File, Format Version 12.00
# Visual Studio 14
VisualStudioVersion = 14.0.25420.1
MinimumVisualStudioVersion = 10.0.40219.1
Project("{2150E333-8FDC-42A3-9474-1A3956D46DE8}") = "Entities", "Entities", "{66A32956-33CE-4C6C-8D4B-DFCF7A72818C}"
EndProject
Project("{8BB2217D-0F2D-49D1-97BC-3654ED321F3B}") = "CRRMS.Entities", "CRRMS.Entities\CRRMS.Entities.xproj", "{78CA00B1-23DE-47B5-90CA-DFF20B4BC170}"
EndProject
Project("{2150E333-8FDC-42A3-9474-1A3956D46DE8}") = "Core", "Core", "{3975E052-41BF-4572-8751-94E5D7EC2237}"
EndProject
Project("{8BB2217D-0F2D-49D1-97BC-3654ED321F3B}") = "Core.Common.Contracts", "Core.Common.Contracts\Core.Common.Contracts.xproj", "{23346EA8-32CD-4777-8D83-33DE0589B769}"
EndProject
Project("{2150E333-8FDC-42A3-9474-1A3956D46DE8}") = "Tests", "Tests", "{0895C4B0-9773-49C7-B114-DC9946BF44A9}"
EndProject
Project("{2150E333-8FDC-42A3-9474-1A3956D46DE8}") = "ResourceAccess", "ResourceAccess", "{1C0B7A57-7D5E-4C15-9EDA-A04999042792}"
EndProject
Project("{8BB2217D-0F2D-49D1-97BC-3654ED321F3B}") = "CRRMS.Data.Contracts", "CRRMS.Data.Contracts\CRRMS.Data.Contracts.xproj", "{DD492D05-5028-43DC-A23A-388F7D7B4D34}"
EndProject
Project("{8BB2217D-0F2D-49D1-97BC-3654ED321F3B}") = "CRRMS.Data", "CRRMS.Data\CRRMS.Data.xproj", "{0FFC3A7A-CDC6-4231-B01D-19394E27680E}"
EndProject
Project("{2150E333-8FDC-42A3-9474-1A3956D46DE8}") = "Hosting", "Hosting", "{414856D5-B0E1-48C9-977D-F10B6D173300}"
EndProject
Project("{8BB2217D-0F2D-49D1-97BC-3654ED321F3B}") = "CRRMS.Web", "CRRMS.Web\CRRMS.Web.xproj", "{FA0CA6C1-2C55-40B9-85C6-6E17615C5C53}"
EndProject
Global
	GlobalSection(SolutionConfigurationPlatforms) = preSolution
		Debug|Any CPU = Debug|Any CPU
		Release|Any CPU = Release|Any CPU
	EndGlobalSection
	GlobalSection(ProjectConfigurationPlatforms) = postSolution
		{78CA00B1-23DE-47B5-90CA-DFF20B4BC170}.Debug|Any CPU.ActiveCfg = Debug|Any CPU
		{78CA00B1-23DE-47B5-90CA-DFF20B4BC170}.Debug|Any CPU.Build.0 = Debug|Any CPU
		{78CA00B1-23DE-47B5-90CA-DFF20B4BC170}.Release|Any CPU.ActiveCfg = Release|Any CPU
		{78CA00B1-23DE-47B5-90CA-DFF20B4BC170}.Release|Any CPU.Build.0 = Release|Any CPU
		{23346EA8-32CD-4777-8D83-33DE0589B769}.Debug|Any CPU.ActiveCfg = Debug|Any CPU
		{23346EA8-32CD-4777-8D83-33DE0589B769}.Debug|Any CPU.Build.0 = Debug|Any CPU
		{23346EA8-32CD-4777-8D83-33DE0589B769}.Release|Any CPU.ActiveCfg = Release|Any CPU
		{23346EA8-32CD-4777-8D83-33DE0589B769}.Release|Any CPU.Build.0 = Release|Any CPU
		{DD492D05-5028-43DC-A23A-388F7D7B4D34}.Debug|Any CPU.ActiveCfg = Debug|Any CPU
		{DD492D05-5028-43DC-A23A-388F7D7B4D34}.Debug|Any CPU.Build.0 = Debug|Any CPU
		{DD492D05-5028-43DC-A23A-388F7D7B4D34}.Release|Any CPU.ActiveCfg = Release|Any CPU
		{DD492D05-5028-43DC-A23A-388F7D7B4D34}.Release|Any CPU.Build.0 = Release|Any CPU
		{0FFC3A7A-CDC6-4231-B01D-19394E27680E}.Debug|Any CPU.ActiveCfg = Debug|Any CPU
		{0FFC3A7A-CDC6-4231-B01D-19394E27680E}.Debug|Any CPU.Build.0 = Debug|Any CPU
		{0FFC3A7A-CDC6-4231-B01D-19394E27680E}.Release|Any CPU.ActiveCfg = Release|Any CPU
		{0FFC3A7A-CDC6-4231-B01D-19394E27680E}.Release|Any CPU.Build.0 = Release|Any CPU
		{FA0CA6C1-2C55-40B9-85C6-6E17615C5C53}.Debug|Any CPU.ActiveCfg = Debug|Any CPU
		{FA0CA6C1-2C55-40B9-85C6-6E17615C5C53}.Debug|Any CPU.Build.0 = Debug|Any CPU
		{FA0CA6C1-2C55-40B9-85C6-6E17615C5C53}.Release|Any CPU.ActiveCfg = Release|Any CPU
		{FA0CA6C1-2C55-40B9-85C6-6E17615C5C53}.Release|Any CPU.Build.0 = Release|Any CPU
	EndGlobalSection
	GlobalSection(SolutionProperties) = preSolution
		HideSolutionNode = FALSE
	EndGlobalSection
	GlobalSection(NestedProjects) = preSolution
		{78CA00B1-23DE-47B5-90CA-DFF20B4BC170} = {66A32956-33CE-4C6C-8D4B-DFCF7A72818C}
		{23346EA8-32CD-4777-8D83-33DE0589B769} = {3975E052-41BF-4572-8751-94E5D7EC2237}
		{DD492D05-5028-43DC-A23A-388F7D7B4D34} = {1C0B7A57-7D5E-4C15-9EDA-A04999042792}
		{0FFC3A7A-CDC6-4231-B01D-19394E27680E} = {1C0B7A57-7D5E-4C15-9EDA-A04999042792}
		{FA0CA6C1-2C55-40B9-85C6-6E17615C5C53} = {414856D5-B0E1-48C9-977D-F10B6D173300}
	EndGlobalSection
EndGlobal
